<?xml version="1.0" encoding="utf-8"?>
<Project ToolsVersion="4.0" xmlns="http://schemas.microsoft.com/developer/msbuild/2003">
  <ItemGroup>
    <Filter Include="Source Files">
      <UniqueIdentifier>{4FC737F1-C7A5-4376-A066-2A32D752A2FF}</UniqueIdentifier>
      <Extensions>cpp;c;cc;cxx;def;odl;idl;hpj;bat;asm;asmx</Extensions>
    </Filter>
    <Filter Include="Header Files">
      <UniqueIdentifier>{93995380-89BD-4b04-88EB-625FBE52EBFB}</UniqueIdentifier>
      <Extensions>h;hh;hpp;hxx;hm;inl;inc;ipp;xsd</Extensions>
    </Filter>
    <Filter Include="Resource Files">
      <UniqueIdentifier>{67DA6AB6-F800-4c08-8B7A-83BB121AAD01}</UniqueIdentifier>
      <Extensions>rc;ico;cur;bmp;dlg;rc2;rct;bin;rgs;gif;jpg;jpeg;jpe;resx;tiff;tif;png;wav;mfcribbon-ms</Extensions>
    </Filter>
  </ItemGroup>
  <ItemGroup>
    <ClCompile Include="RomanToInteger.cpp">
      <Filter>Source Files</Filter>
    </ClCompile>
    <ClCompile Include="AddDigits.cpp">
      <Filter>Source Files</Filter>
    </ClCompile>
    <ClCompile Include="HappyNumber.cpp">
      <Filter>Source Files</Filter>
    </ClCompile>
    <ClCompile Include="HappyNumberWithTwoFuctionUpdated.cpp">
      <Filter>Source Files</Filter>
    </ClCompile>
    <ClCompile Include="HappyNumberWithTwoFunctions.cpp">
      <Filter>Source Files</Filter>
    </ClCompile>
    <ClCompile Include="mergeSort.cpp">
      <Filter>Source Files</Filter>
    </ClCompile>
    <ClCompile Include="PrintInputArray.cpp">
      <Filter>Source Files</Filter>
    </ClCompile>
    <ClCompile Include="SearchInArray.cpp">
      <Filter>Source Files</Filter>
    </ClCompile>
    <ClCompile Include="SearchInVector.cpp">
      <Filter>Source Files</Filter>
    </ClCompile>
    <ClCompile Include="SearchWithBool.cpp">
      <Filter>Source Files</Filter>
    </ClCompile>
    <ClCompile Include="Main.cpp">
      <Filter>Source Files</Filter>
    </ClCompile>
    <ClCompile Include="RotateArray.cpp">
      <Filter>Source Files</Filter>
    </ClCompile>
    <ClCompile Include="LinkedList.cpp">
      <Filter>Source Files</Filter>
    </ClCompile>
    <ClCompile Include="SearchInLinkedList.cpp">
      <Filter>Source Files</Filter>
    </ClCompile>
    <ClCompile Include="SearchInSortedLinkedList.cpp">
      <Filter>Source Files</Filter>
    </ClCompile>
    <ClCompile Include="LinkedListByUserInput.cpp">
      <Filter>Source Files</Filter>
    </ClCompile>
    <ClCompile Include="LinkedListByUserInputInArray.cpp">
      <Filter>Source Files</Filter>
    </ClCompile>
    <ClCompile Include="RemoveDuplicatesFromSortedArray.cpp">
      <Filter>Source Files</Filter>
    </ClCompile>
    <ClCompile Include="InsertingNode_StartingofLinkedList.cpp">
      <Filter>Source Files</Filter>
    </ClCompile>
    <ClCompile Include="PlusOne.cpp">
      <Filter>Source Files</Filter>
    </ClCompile>
    <ClCompile Include="InsertingNode_GivenAddress.cpp">
      <Filter>Source Files</Filter>
    </ClCompile>
    <ClCompile Include="DeleteNode.cpp">
      <Filter>Source Files</Filter>
    </ClCompile>
    <ClCompile Include="RemoveElementsWithFlag.cpp">
      <Filter>Source Files</Filter>
    </ClCompile>
    <ClCompile Include="RemoveElementWithCount.cpp">
      <Filter>Source Files</Filter>
    </ClCompile>
    <ClCompile Include="RemoveElements.cpp">
      <Filter>Source Files</Filter>
    </ClCompile>
    <ClCompile Include="arrayOfPointers.cpp">
      <Filter>Source Files</Filter>
    </ClCompile>
    <ClCompile Include="FrequencyCountOfInt.cpp">
      <Filter>Source Files</Filter>
    </ClCompile>
    <ClCompile Include="FrequencyCountOfChar.cpp">
      <Filter>Source Files</Filter>
    </ClCompile>
    <ClCompile Include="FrequencyCountOfWords.cpp">
      <Filter>Source Files</Filter>
    </ClCompile>
    <ClCompile Include="FrequencyCountOfWordsModular.cpp">
      <Filter>Source Files</Filter>
    </ClCompile>
    <ClCompile Include="HappyNumberWithMap.cpp">
      <Filter>Source Files</Filter>
    </ClCompile>
    <ClCompile Include="TwoSum.cpp">
      <Filter>Source Files</Filter>
    </ClCompile>
    <ClCompile Include="SearchInsertPosition.cpp">
      <Filter>Source Files</Filter>
    </ClCompile>
    <ClCompile Include="LongestCommonPrefix.cpp">
      <Filter>Source Files</Filter>
    </ClCompile>
    <ClCompile Include="LengthOfLastWord.cpp">
      <Filter>Source Files</Filter>
    </ClCompile>
    <ClCompile Include="MergeSortedArray.cpp">
      <Filter>Source Files</Filter>
    </ClCompile>
    <ClCompile Include="TraverseTree.cpp">
      <Filter>Source Files</Filter>
    </ClCompile>
    <ClCompile Include="TraverseTreeWithStack.cpp">
      <Filter>Source Files</Filter>
    </ClCompile>
    <ClCompile Include="SameTreeWithVector.cpp">
      <Filter>Source Files</Filter>
    </ClCompile>
    <ClCompile Include="SameTree.cpp">
      <Filter>Source Files</Filter>
    </ClCompile>
    <ClCompile Include="SymmetricTree.cpp">
      <Filter>Source Files</Filter>
    </ClCompile>
    <ClCompile Include="DepthFirstSearch.cpp">
      <Filter>Source Files</Filter>
    </ClCompile>
    <ClCompile Include="PascalsTriangle.cpp">
      <Filter>Source Files</Filter>
    </ClCompile>
    <ClCompile Include="PascalsTriangleII.cpp">
      <Filter>Source Files</Filter>
    </ClCompile>
    <ClCompile Include="ImplementStrStr.cpp">
      <Filter>Source Files</Filter>
    </ClCompile>
    <ClCompile Include="TwoSumII.cpp">
      <Filter>Source Files</Filter>
    </ClCompile>
    <ClCompile Include="AddBinary.cpp">
      <Filter>Source Files</Filter>
    </ClCompile>
    <ClCompile Include="AddBinaryWithMap.cpp">
      <Filter>Source Files</Filter>
    </ClCompile>
    <ClCompile Include="ValidPalindrome.cpp">
      <Filter>Source Files</Filter>
    </ClCompile>
    <ClCompile Include="MinStack.cpp">
      <Filter>Source Files</Filter>
    </ClCompile>
    <ClCompile Include="CountPrimes.cpp">
      <Filter>Source Files</Filter>
    </ClCompile>
    <ClCompile Include="SingleNumber.cpp">
      <Filter>Source Files</Filter>
    </ClCompile>
    <ClCompile Include="SingleNumberWithSet.cpp">
      <Filter>Source Files</Filter>
    </ClCompile>
    <ClCompile Include="DecimalToBinary.cpp">
      <Filter>Source Files</Filter>
    </ClCompile>
    <ClCompile Include="ExcelSheetColumnTitle.cpp">
      <Filter>Source Files</Filter>
    </ClCompile>
    <ClCompile Include="MajorityElement.cpp">
      <Filter>Source Files</Filter>
    </ClCompile>
    <ClCompile Include="ExcelSheetColumnNumber.cpp">
      <Filter>Source Files</Filter>
    </ClCompile>
    <ClCompile Include="ContainsDuplicate.cpp">
      <Filter>Source Files</Filter>
    </ClCompile>
    <ClCompile Include="VerifyingAnAlienDictionary.cpp">
      <Filter>Source Files</Filter>
    </ClCompile>
    <ClCompile Include="ValidAnagram.cpp">
      <Filter>Source Files</Filter>
    </ClCompile>
    <ClCompile Include="MissingNumber.cpp">
      <Filter>Source Files</Filter>
    </ClCompile>
    <ClCompile Include="FindTheDifference.cpp">
      <Filter>Source Files</Filter>
    </ClCompile>
    <ClCompile Include="PerfectNumber.cpp">
      <Filter>Source Files</Filter>
    </ClCompile>
    <ClCompile Include="IntersectionOfTwoArrays.cpp">
      <Filter>Source Files</Filter>
    </ClCompile>
    <ClCompile Include="SearchInABinarySearchTree.cpp">
      <Filter>Source Files</Filter>
    </ClCompile>
    <ClCompile Include="SearchInABinarySearchTreeWithLoop.cpp">
      <Filter>Source Files</Filter>
    </ClCompile>
    <ClCompile Include="MaximumDepthOfBinaryTree.cpp">
      <Filter>Source Files</Filter>
    </ClCompile>
    <ClCompile Include="BalancedBinaryTree.cpp">
      <Filter>Source Files</Filter>
    </ClCompile>
    <ClCompile Include="BalancedBinaryTreeWithStruct.cpp">
      <Filter>Source Files</Filter>
    </ClCompile>
    <ClCompile Include="MinimumDepthOfBinaryTree.cpp">
      <Filter>Source Files</Filter>
    </ClCompile>
    <ClCompile Include="BalancedBinaryTreeStructNoOpti.cpp">
      <Filter>Source Files</Filter>
    </ClCompile>
    <ClCompile Include="Hangman.cpp">
      <Filter>Source Files</Filter>
    </ClCompile>
    <ClCompile Include="FileIO.cpp">
      <Filter>Source Files</Filter>
    </ClCompile>
    <ClCompile Include="ConvertSortedArrayToBSTcpp.cpp">
      <Filter>Source Files</Filter>
    </ClCompile>
    <ClCompile Include="WordPattern.cpp">
      <Filter>Source Files</Filter>
    </ClCompile>
    <ClCompile Include="PathSum.cpp">
      <Filter>Source Files</Filter>
    </ClCompile>
    <ClCompile Include="InvertBinaryTree.cpp">
      <Filter>Source Files</Filter>
    </ClCompile>
    <ClCompile Include="BinaryTreePaths.cpp">
      <Filter>Source Files</Filter>
    </ClCompile>
    <ClCompile Include="UglyNumber.cpp">
      <Filter>Source Files</Filter>
    </ClCompile>
    <ClCompile Include="IsomorphicString.cpp">
      <Filter>Source Files</Filter>
    </ClCompile>
    <ClCompile Include="SumOfLeftLeaves.cpp">
      <Filter>Source Files</Filter>
    </ClCompile>
    <ClCompile Include="FactorialTrailingZeroes.cpp">
      <Filter>Source Files</Filter>
    </ClCompile>
    <ClCompile Include="ContainsDuplicateII.cpp">
      <Filter>Source Files</Filter>
    </ClCompile>
    <ClCompile Include="MoveZeros.cpp">
      <Filter>Source Files</Filter>
    </ClCompile>
    <ClCompile Include="ReverseString.cpp">
      <Filter>Source Files</Filter>
    </ClCompile>
    <ClCompile Include="PowerOfTwo.cpp">
      <Filter>Source Files</Filter>
    </ClCompile>
    <ClCompile Include="PowerOfTwoMethodTwo.cpp">
      <Filter>Source Files</Filter>
    </ClCompile>
    <ClCompile Include="NumberOfOneBits.cpp">
      <Filter>Source Files</Filter>
    </ClCompile>
    <ClCompile Include="ReverseBits.cpp">
      <Filter>Source Files</Filter>
    </ClCompile>
    <ClCompile Include="ReverseBitsLowComplexity.cpp">
      <Filter>Source Files</Filter>
    </ClCompile>
    <ClCompile Include="NumberComplement.cpp">
      <Filter>Source Files</Filter>
    </ClCompile>
    <ClCompile Include="PowerOfFour.cpp">
      <Filter>Source Files</Filter>
    </ClCompile>
    <ClCompile Include="BinaryNumberWithAlternatingBits.cpp">
      <Filter>Source Files</Filter>
    </ClCompile>
    <ClCompile Include="AddStrings.cpp">
      <Filter>Source Files</Filter>
    </ClCompile>
    <ClCompile Include="ReverseVowelsOfAstring.cpp">
      <Filter>Source Files</Filter>
    </ClCompile>
    <ClCompile Include="SetMismatch.cpp">
      <Filter>Source Files</Filter>
    </ClCompile>
    <ClCompile Include="FibonacciNumber.cpp">
      <Filter>Source Files</Filter>
    </ClCompile>
    <ClCompile Include="RansomeNote.cpp">
      <Filter>Source Files</Filter>
    </ClCompile>
    <ClCompile Include="WordStats.cpp">
      <Filter>Source Files</Filter>
    </ClCompile>
    <ClCompile Include="WordSearchWithContext.cpp">
      <Filter>Source Files</Filter>
    </ClCompile>
    <ClCompile Include="MedianOfTwoSortedArrays.cpp">
      <Filter>Source Files</Filter>
    </ClCompile>
    <ClCompile Include="MedianOfTwoSortedArraysMethodTwo.cpp">
      <Filter>Source Files</Filter>
    </ClCompile>
    <ClCompile Include="RelativeRanks.cpp">
      <Filter>Source Files</Filter>
    </ClCompile>
    <ClCompile Include="HeapSort.cpp">
      <Filter>Source Files</Filter>
    </ClCompile>
  </ItemGroup>
  <ItemGroup>
    <ClInclude Include="Sample.h">
      <Filter>Header Files</Filter>
    </ClInclude>
  </ItemGroup>
</Project>